
Microsoft Visual Studio Solution File, Format Version 12.00
# Visual Studio Version 16
VisualStudioVersion = 16.0.28922.388
MinimumVisualStudioVersion = 10.0.40219.1
Project("{FAE04EC0-301F-11D3-BF4B-00C04F79EFBC}") = "SportStore2", "SportStore2\SportStore2.csproj", "{AA2665BD-D4E4-4EDF-9E3C-2B80A4F8BE25}"
EndProject
Project("{FAE04EC0-301F-11D3-BF4B-00C04F79EFBC}") = "SportStore2.Tests", "SportStore2.Tests\SportStore2.Tests.csproj", "{D227AEF8-43CD-430B-8D98-356B9CF26A37}"
EndProject
Global
	GlobalSection(SolutionConfigurationPlatforms) = preSolution
		Debug|Any CPU = Debug|Any CPU
		Release|Any CPU = Release|Any CPU
	EndGlobalSection
	GlobalSection(ProjectConfigurationPlatforms) = postSolution
		{AA2665BD-D4E4-4EDF-9E3C-2B80A4F8BE25}.Debug|Any CPU.ActiveCfg = Debug|Any CPU
		{AA2665BD-D4E4-4EDF-9E3C-2B80A4F8BE25}.Debug|Any CPU.Build.0 = Debug|Any CPU
		{AA2665BD-D4E4-4EDF-9E3C-2B80A4F8BE25}.Release|Any CPU.ActiveCfg = Release|Any CPU
		{AA2665BD-D4E4-4EDF-9E3C-2B80A4F8BE25}.Release|Any CPU.Build.0 = Release|Any CPU
		{D227AEF8-43CD-430B-8D98-356B9CF26A37}.Debug|Any CPU.ActiveCfg = Debug|Any CPU
		{D227AEF8-43CD-430B-8D98-356B9CF26A37}.Debug|Any CPU.Build.0 = Debug|Any CPU
		{D227AEF8-43CD-430B-8D98-356B9CF26A37}.Release|Any CPU.ActiveCfg = Release|Any CPU
		{D227AEF8-43CD-430B-8D98-356B9CF26A37}.Release|Any CPU.Build.0 = Release|Any CPU
	EndGlobalSection
	GlobalSection(SolutionProperties) = preSolution
		HideSolutionNode = FALSE
	EndGlobalSection
	GlobalSection(ExtensibilityGlobals) = postSolution
		SolutionGuid = {EE8B99D1-DE9A-44D2-ADBE-F82EEB489806}
	EndGlobalSection
EndGlobal
